
Microsoft Visual Studio Solution File, Format Version 12.00
# Visual Studio Version 17
VisualStudioVersion = 17.1.32328.378
MinimumVisualStudioVersion = 10.0.40219.1
Project("{8BC9CEB8-8B4A-11D0-8D11-00A0C91BC942}") = "Pointer", "Pointer\Pointer.vcxproj", "{ED76BD24-58D3-463C-AAF6-EEB5ACD7CF58}"
EndProject
Project("{8BC9CEB8-8B4A-11D0-8D11-00A0C91BC942}") = "TransferParameters", "TransferParameters\TransferParameters.vcxproj", "{C1FCB098-2580-4E1E-BEF3-D98A3C59EF8E}"
EndProject
Project("{8BC9CEB8-8B4A-11D0-8D11-00A0C91BC942}") = "DynamicMem", "DynamicMem\DynamicMem.vcxproj", "{CCD4C956-6D7A-44F4-A237-C9666F7A3070}"
EndProject
Project("{8BC9CEB8-8B4A-11D0-8D11-00A0C91BC942}") = "Split", "Split\Split.vcxproj", "{B2FDECCD-429D-473F-A403-DFE82BD2C3BA}"
EndProject
Global
	GlobalSection(SolutionConfigurationPlatforms) = preSolution
		Debug|x64 = Debug|x64
		Debug|x86 = Debug|x86
		Release|x64 = Release|x64
		Release|x86 = Release|x86
	EndGlobalSection
	GlobalSection(ProjectConfigurationPlatforms) = postSolution
		{ED76BD24-58D3-463C-AAF6-EEB5ACD7CF58}.Debug|x64.ActiveCfg = Debug|x64
		{ED76BD24-58D3-463C-AAF6-EEB5ACD7CF58}.Debug|x64.Build.0 = Debug|x64
		{ED76BD24-58D3-463C-AAF6-EEB5ACD7CF58}.Debug|x86.ActiveCfg = Debug|Win32
		{ED76BD24-58D3-463C-AAF6-EEB5ACD7CF58}.Debug|x86.Build.0 = Debug|Win32
		{ED76BD24-58D3-463C-AAF6-EEB5ACD7CF58}.Release|x64.ActiveCfg = Release|x64
		{ED76BD24-58D3-463C-AAF6-EEB5ACD7CF58}.Release|x64.Build.0 = Release|x64
		{ED76BD24-58D3-463C-AAF6-EEB5ACD7CF58}.Release|x86.ActiveCfg = Release|Win32
		{ED76BD24-58D3-463C-AAF6-EEB5ACD7CF58}.Release|x86.Build.0 = Release|Win32
		{C1FCB098-2580-4E1E-BEF3-D98A3C59EF8E}.Debug|x64.ActiveCfg = Debug|x64
		{C1FCB098-2580-4E1E-BEF3-D98A3C59EF8E}.Debug|x64.Build.0 = Debug|x64
		{C1FCB098-2580-4E1E-BEF3-D98A3C59EF8E}.Debug|x86.ActiveCfg = Debug|Win32
		{C1FCB098-2580-4E1E-BEF3-D98A3C59EF8E}.Debug|x86.Build.0 = Debug|Win32
		{C1FCB098-2580-4E1E-BEF3-D98A3C59EF8E}.Release|x64.ActiveCfg = Release|x64
		{C1FCB098-2580-4E1E-BEF3-D98A3C59EF8E}.Release|x64.Build.0 = Release|x64
		{C1FCB098-2580-4E1E-BEF3-D98A3C59EF8E}.Release|x86.ActiveCfg = Release|Win32
		{C1FCB098-2580-4E1E-BEF3-D98A3C59EF8E}.Release|x86.Build.0 = Release|Win32
		{CCD4C956-6D7A-44F4-A237-C9666F7A3070}.Debug|x64.ActiveCfg = Debug|x64
		{CCD4C956-6D7A-44F4-A237-C9666F7A3070}.Debug|x64.Build.0 = Debug|x64
		{CCD4C956-6D7A-44F4-A237-C9666F7A3070}.Debug|x86.ActiveCfg = Debug|Win32
		{CCD4C956-6D7A-44F4-A237-C9666F7A3070}.Debug|x86.Build.0 = Debug|Win32
		{CCD4C956-6D7A-44F4-A237-C9666F7A3070}.Release|x64.ActiveCfg = Release|x64
		{CCD4C956-6D7A-44F4-A237-C9666F7A3070}.Release|x64.Build.0 = Release|x64
		{CCD4C956-6D7A-44F4-A237-C9666F7A3070}.Release|x86.ActiveCfg = Release|Win32
		{CCD4C956-6D7A-44F4-A237-C9666F7A3070}.Release|x86.Build.0 = Release|Win32
		{B2FDECCD-429D-473F-A403-DFE82BD2C3BA}.Debug|x64.ActiveCfg = Debug|x64
		{B2FDECCD-429D-473F-A403-DFE82BD2C3BA}.Debug|x64.Build.0 = Debug|x64
		{B2FDECCD-429D-473F-A403-DFE82BD2C3BA}.Debug|x86.ActiveCfg = Debug|Win32
		{B2FDECCD-429D-473F-A403-DFE82BD2C3BA}.Debug|x86.Build.0 = Debug|Win32
		{B2FDECCD-429D-473F-A403-DFE82BD2C3BA}.Release|x64.ActiveCfg = Release|x64
		{B2FDECCD-429D-473F-A403-DFE82BD2C3BA}.Release|x64.Build.0 = Release|x64
		{B2FDECCD-429D-473F-A403-DFE82BD2C3BA}.Release|x86.ActiveCfg = Release|Win32
		{B2FDECCD-429D-473F-A403-DFE82BD2C3BA}.Release|x86.Build.0 = Release|Win32
	EndGlobalSection
	GlobalSection(SolutionProperties) = preSolution
		HideSolutionNode = FALSE
	EndGlobalSection
	GlobalSection(ExtensibilityGlobals) = postSolution
		SolutionGuid = {BE2A7D3F-0A94-4784-8306-AFC3CE9822A7}
	EndGlobalSection
EndGlobal
